Microsoft Visual Studio Solution File, Format Version 8.00
Project("{8BC9CEB8-8B4A-11D0-8D11-00A0C91BC942}") = "PerSegLat", "PerSegLat.vcproj", "{D120E9C9-AD6E-45DC-A858-8E68E8B11430}"
	ProjectSection(ProjectDependencies) = postProject
	EndProjectSection
EndProject
Global
	GlobalSection(SolutionConfiguration) = preSolution
		Debug = Debug
		Release = Release
	EndGlobalSection
	GlobalSection(ProjectConfiguration) = postSolution
		{D120E9C9-AD6E-45DC-A858-8E68E8B11430}.Debug.ActiveCfg = Debug|Win32
		{D120E9C9-AD6E-45DC-A858-8E68E8B11430}.Debug.Build.0 = Debug|Win32
		{D120E9C9-AD6E-45DC-A858-8E68E8B11430}.Release.ActiveCfg = Release|Win32
		{D120E9C9-AD6E-45DC-A858-8E68E8B11430}.Release.Build.0 = Release|Win32
	EndGlobalSection
	GlobalSection(ExtensibilityGlobals) = postSolution
	EndGlobalSection
	GlobalSection(ExtensibilityAddIns) = postSolution
	EndGlobalSection
EndGlobal
